// !$*UTF8*$!
{
	archiveVersion = 1;
	classes = {
	};
	objectVersion = 46;
	objects = {

/* Begin PBXBuildFile section */
		2C6F507919461E0E0089FE8D /* Foundation.framework in Frameworks */ = {isa = PBXBuildFile; fileRef = 2C6F507819461E0E0089FE8D /* Foundation.framework */; };
		2C6F507B19461E0E0089FE8D /* CoreGraphics.framework in Frameworks */ = {isa = PBXBuildFile; fileRef = 2C6F507A19461E0E0089FE8D /* CoreGraphics.framework */; };
		2C6F507D19461E0E0089FE8D /* UIKit.framework in Frameworks */ = {isa = PBXBuildFile; fileRef = 2C6F507C19461E0E0089FE8D /* UIKit.framework */; };
		2C6F508319461E0E0089FE8D /* InfoPlist.strings in Resources */ = {isa = PBXBuildFile; fileRef = 2C6F508119461E0E0089FE8D /* InfoPlist.strings */; };
		2C6F508519461E0E0089FE8D /* main.m in Sources */ = {isa = PBXBuildFile; fileRef = 2C6F508419461E0E0089FE8D /* main.m */; };
		2C6F508919461E0E0089FE8D /* AppDelegate.m in Sources */ = {isa = PBXBuildFile; fileRef = 2C6F508819461E0E0089FE8D /* AppDelegate.m */; };
		2C6F508B19461E0E0089FE8D /* Images.xcassets in Resources */ = {isa = PBXBuildFile; fileRef = 2C6F508A19461E0E0089FE8D /* Images.xcassets */; };
		2C6F509219461E0E0089FE8D /* XCTest.framework in Frameworks */ = {isa = PBXBuildFile; fileRef = 2C6F509119461E0E0089FE8D /* XCTest.framework */; };
		2C6F509319461E0E0089FE8D /* Foundation.framework in Frameworks */ = {isa = PBXBuildFile; fileRef = 2C6F507819461E0E0089FE8D /* Foundation.framework */; };
		2C6F509419461E0E0089FE8D /* UIKit.framework in Frameworks */ = {isa = PBXBuildFile; fileRef = 2C6F507C19461E0E0089FE8D /* UIKit.framework */; };
		2C6F509C19461E0E0089FE8D /* InfoPlist.strings in Resources */ = {isa = PBXBuildFile; fileRef = 2C6F509A19461E0E0089FE8D /* InfoPlist.strings */; };
		2C6F509E19461E0E0089FE8D /* RottenTomatoTests.m in Sources */ = {isa = PBXBuildFile; fileRef = 2C6F509D19461E0E0089FE8D /* RottenTomatoTests.m */; };
/* End PBXBuildFile section */

/* Begin PBXContainerItemProxy section */
		2C6F509519461E0E0089FE8D /* PBXContainerItemProxy */ = {
			isa = PBXContainerItemProxy;
			containerPortal = 2C6F506D19461E0E0089FE8D /* Project object */;
			proxyType = 1;
			remoteGlobalIDString = 2C6F507419461E0E0089FE8D;
			remoteInfo = RottenTomato;
		};
/* End PBXContainerItemProxy section */

/* Begin PBXFileReference section */
		2C6F507519461E0E0089FE8D /* RottenTomato.app */ = {isa = PBXFileReference; explicitFileType = wrapper.application; includeInIndex = 0; path = RottenTomato.app; sourceTree = BUILT_PRODUCTS_DIR; };
		2C6F507819461E0E0089FE8D /* Foundation.framework */ = {isa = PBXFileReference; lastKnownFileType = wrapper.framework; name = Foundation.framework; path = System/Library/Frameworks/Foundation.framework; sourceTree = SDKROOT; };
		2C6F507A19461E0E0089FE8D /* CoreGraphics.framework */ = {isa = PBXFileReference; lastKnownFileType = wrapper.framework; name = CoreGraphics.framework; path = System/Library/Frameworks/CoreGraphics.framework; sourceTree = SDKROOT; };
		2C6F507C19461E0E0089FE8D /* UIKit.framework */ = {isa = PBXFileReference; lastKnownFileType = wrapper.framework; name = UIKit.framework; path = System/Library/Frameworks/UIKit.framework; sourceTree = SDKROOT; };
		2C6F508019461E0E0089FE8D /* RottenTomato-Info.plist */ = {isa = PBXFileReference; lastKnownFileType = text.plist.xml; path = "RottenTomato-Info.plist"; sourceTree = "<group>"; };
		2C6F508219461E0E0089FE8D /* en */ = {isa = PBXFileReference; lastKnownFileType = text.plist.strings; name = en; path = en.lproj/InfoPlist.strings; sourceTree = "<group>"; };
		2C6F508419461E0E0089FE8D /* main.m */ = {isa = PBXFileReference; lastKnownFileType = sourcecode.c.objc; path = main.m; sourceTree = "<group>"; };
		2C6F508619461E0E0089FE8D /* RottenTomato-Prefix.pch */ = {isa = PBXFileReference; lastKnownFileType = sourcecode.c.h; path = "RottenTomato-Prefix.pch"; sourceTree = "<group>"; };
		2C6F508719461E0E0089FE8D /* AppDelegate.h */ = {isa = PBXFileReference; lastKnownFileType = sourcecode.c.h; path = AppDelegate.h; sourceTree = "<group>"; };
		2C6F508819461E0E0089FE8D /* AppDelegate.m */ = {isa = PBXFileReference; lastKnownFileType = sourcecode.c.objc; path = AppDelegate.m; sourceTree = "<group>"; };
		2C6F508A19461E0E0089FE8D /* Images.xcassets */ = {isa = PBXFileReference; lastKnownFileType = folder.assetcatalog; path = Images.xcassets; sourceTree = "<group>"; };
		2C6F509019461E0E0089FE8D /* RottenTomatoTests.xctest */ = {isa = PBXFileReference; explicitFileType = wrapper.cfbundle; includeInIndex = 0; path = RottenTomatoTests.xctest; sourceTree = BUILT_PRODUCTS_DIR; };
		2C6F509119461E0E0089FE8D /* XCTest.framework */ = {isa = PBXFileReference; lastKnownFileType = wrapper.framework; name = XCTest.framework; path = Library/Frameworks/XCTest.framework; sourceTree = DEVELOPER_DIR; };
		2C6F509919461E0E0089FE8D /* RottenTomatoTests-Info.plist */ = {isa = PBXFileReference; lastKnownFileType = text.plist.xml; path = "RottenTomatoTests-Info.plist"; sourceTree = "<group>"; };
		2C6F509B19461E0E0089FE8D /* en */ = {isa = PBXFileReference; lastKnownFileType = text.plist.strings; name = en; path = en.lproj/InfoPlist.strings; sourceTree = "<group>"; };
		2C6F509D19461E0E0089FE8D /* RottenTomatoTests.m */ = {isa = PBXFileReference; lastKnownFileType = sourcecode.c.objc; path = RottenTomatoTests.m; sourceTree = "<group>"; };
/* End PBXFileReference section */

/* Begin PBXFrameworksBuildPhase section */
		2C6F507219461E0E0089FE8D /* Frameworks */ = {
			isa = PBXFrameworksBuildPhase;
			buildActionMask = 2147483647;
			files = (
				2C6F507B19461E0E0089FE8D /* CoreGraphics.framework in Frameworks */,
				2C6F507D19461E0E0089FE8D /* UIKit.framework in Frameworks */,
				2C6F507919461E0E0089FE8D /* Foundation.framework in Frameworks */,
			);
			runOnlyForDeploymentPostprocessing = 0;
		};
		2C6F508D19461E0E0089FE8D /* Frameworks */ = {
			isa = PBXFrameworksBuildPhase;
			buildActionMask = 2147483647;
			files = (
				2C6F509219461E0E0089FE8D /* XCTest.framework in Frameworks */,
				2C6F509419461E0E0089FE8D /* UIKit.framework in Frameworks */,
				2C6F509319461E0E0089FE8D /* Foundation.framework in Frameworks */,
			);
			runOnlyForDeploymentPostprocessing = 0;
		};
/* End PBXFrameworksBuildPhase section */

/* Begin PBXGroup section */
		2C6F506C19461E0E0089FE8D = {
			isa = PBXGroup;
			children = (
				2C6F507E19461E0E0089FE8D /* RottenTomato */,
				2C6F509719461E0E0089FE8D /* RottenTomatoTests */,
				2C6F507719461E0E0089FE8D /* Frameworks */,
				2C6F507619461E0E0089FE8D /* Products */,
			);
			sourceTree = "<group>";
		};
		2C6F507619461E0E0089FE8D /* Products */ = {
			isa = PBXGroup;
			children = (
				2C6F507519461E0E0089FE8D /* RottenTomato.app */,
				2C6F509019461E0E0089FE8D /* RottenTomatoTests.xctest */,
			);
			name = Products;
			sourceTree = "<group>";
		};
		2C6F507719461E0E0089FE8D /* Frameworks */ = {
			isa = PBXGroup;
			children = (
				2C6F507819461E0E0089FE8D /* Foundation.framework */,
				2C6F507A19461E0E0089FE8D /* CoreGraphics.framework */,
				2C6F507C19461E0E0089FE8D /* UIKit.framework */,
				2C6F509119461E0E0089FE8D /* XCTest.framework */,
			);
			name = Frameworks;
			sourceTree = "<group>";
		};
		2C6F507E19461E0E0089FE8D /* RottenTomato */ = {
			isa = PBXGroup;
			children = (
				2C6F508719461E0E0089FE8D /* AppDelegate.h */,
				2C6F508819461E0E0089FE8D /* AppDelegate.m */,
				2C6F508A19461E0E0089FE8D /* Images.xcassets */,
				2C6F507F19461E0E0089FE8D /* Supporting Files */,
			);
			path = RottenTomato;
			sourceTree = "<group>";
		};
		2C6F507F19461E0E0089FE8D /* Supporting Files */ = {
			isa = PBXGroup;
			children = (
				2C6F508019461E0E0089FE8D /* RottenTomato-Info.plist */,
				2C6F508119461E0E0089FE8D /* InfoPlist.strings */,
				2C6F508419461E0E0089FE8D /* main.m */,
				2C6F508619461E0E0089FE8D /* RottenTomato-Prefix.pch */,
			);
			name = "Supporting Files";
			sourceTree = "<group>";
		};
		2C6F509719461E0E0089FE8D /* RottenTomatoTests */ = {
			isa = PBXGroup;
			children = (
				2C6F509D19461E0E0089FE8D /* RottenTomatoTests.m */,
				2C6F509819461E0E0089FE8D /* Supporting Files */,
			);
			path = RottenTomatoTests;
			sourceTree = "<group>";
		};
		2C6F509819461E0E0089FE8D /* Supporting Files */ = {
			isa = PBXGroup;
			children = (
				2C6F509919461E0E0089FE8D /* RottenTomatoTests-Info.plist */,
				2C6F509A19461E0E0089FE8D /* InfoPlist.strings */,
			);
			name = "Supporting Files";
			sourceTree = "<group>";
		};
/* End PBXGroup section */

/* Begin PBXNativeTarget section */
		2C6F507419461E0E0089FE8D /* RottenTomato */ = {
			isa = PBXNativeTarget;
			buildConfigurationList = 2C6F50A119461E0E0089FE8D /* Build configuration list for PBXNativeTarget "RottenTomato" */;
			buildPhases = (
				2C6F507119461E0E0089FE8D /* Sources */,
				2C6F507219461E0E0089FE8D /* Frameworks */,
				2C6F507319461E0E0089FE8D /* Resources */,
			);
			buildRules = (
			);
			dependencies = (
			);
			name = RottenTomato;
			productName = RottenTomato;
			productReference = 2C6F507519461E0E0089FE8D /* RottenTomato.app */;
			productType = "com.apple.product-type.application";
		};
		2C6F508F19461E0E0089FE8D /* RottenTomatoTests */ = {
			isa = PBXNativeTarget;
			buildConfigurationList = 2C6F50A419461E0E0089FE8D /* Build configuration list for PBXNativeTarget "RottenTomatoTests" */;
			buildPhases = (
				2C6F508C19461E0E0089FE8D /* Sources */,
				2C6F508D19461E0E0089FE8D /* Frameworks */,
				2C6F508E19461E0E0089FE8D /* Resources */,
			);
			buildRules = (
			);
			dependencies = (
				2C6F509619461E0E0089FE8D /* PBXTargetDependency */,
			);
			name = RottenTomatoTests;
			productName = RottenTomatoTests;
			productReference = 2C6F509019461E0E0089FE8D /* RottenTomatoTests.xctest */;
			productType = "com.apple.product-type.bundle.unit-test";
		};
/* End PBXNativeTarget section */

/* Begin PBXProject section */
		2C6F506D19461E0E0089FE8D /* Project object */ = {
			isa = PBXProject;
			attributes = {
				LastUpgradeCheck = 0510;
				ORGANIZATIONNAME = "NinjaSudo Inc";
				TargetAttributes = {
					2C6F508F19461E0E0089FE8D = {
						TestTargetID = 2C6F507419461E0E0089FE8D;
					};
				};
			};
			buildConfigurationList = 2C6F507019461E0E0089FE8D /* Build configuration list for PBXProject "RottenTomato" */;
			compatibilityVersion = "Xcode 3.2";
			developmentRegion = English;
			hasScannedForEncodings = 0;
			knownRegions = (
				en,
			);
			mainGroup = 2C6F506C19461E0E0089FE8D;
			productRefGroup = 2C6F507619461E0E0089FE8D /* Products */;
			projectDirPath = "";
			projectRoot = "";
			targets = (
				2C6F507419461E0E0089FE8D /* RottenTomato */,
				2C6F508F19461E0E0089FE8D /* RottenTomatoTests */,
			);
		};
/* End PBXProject section */

/* Begin PBXResourcesBuildPhase section */
		2C6F507319461E0E0089FE8D /* Resources */ = {
			isa = PBXResourcesBuildPhase;
			buildActionMask = 2147483647;
			files = (
				2C6F508319461E0E0089FE8D /* InfoPlist.strings in Resources */,
				2C6F508B19461E0E0089FE8D /* Images.xcassets in Resources */,
			);
			runOnlyForDeploymentPostprocessing = 0;
		};
		2C6F508E19461E0E0089FE8D /* Resources */ = {
			isa = PBXResourcesBuildPhase;
			buildActionMask = 2147483647;
			files = (
				2C6F509C19461E0E0089FE8D /* InfoPlist.strings in Resources */,
			);
			runOnlyForDeploymentPostprocessing = 0;
		};
/* End PBXResourcesBuildPhase section */

/* Begin PBXSourcesBuildPhase section */
		2C6F507119461E0E0089FE8D /* Sources */ = {
			isa = PBXSourcesBuildPhase;
			buildActionMask = 2147483647;
			files = (
				2C6F508919461E0E0089FE8D /* AppDelegate.m in Sources */,
				2C6F508519461E0E0089FE8D /* main.m in Sources */,
			);
			runOnlyForDeploymentPostprocessing = 0;
		};
		2C6F508C19461E0E0089FE8D /* Sources */ = {
			isa = PBXSourcesBuildPhase;
			buildActionMask = 2147483647;
			files = (
				2C6F509E19461E0E0089FE8D /* RottenTomatoTests.m in Sources */,
			);
			runOnlyForDeploymentPostprocessing = 0;
		};
/* End PBXSourcesBuildPhase section */

/* Begin PBXTargetDependency section */
		2C6F509619461E0E0089FE8D /* PBXTargetDependency */ = {
			isa = PBXTargetDependency;
			target = 2C6F507419461E0E0089FE8D /* RottenTomato */;
			targetProxy = 2C6F509519461E0E0089FE8D /* PBXContainerItemProxy */;
		};
/* End PBXTargetDependency section */

/* Begin PBXVariantGroup section */
		2C6F508119461E0E0089FE8D /* InfoPlist.strings */ = {
			isa = PBXVariantGroup;
			children = (
				2C6F508219461E0E0089FE8D /* en */,
			);
			name = InfoPlist.strings;
			sourceTree = "<group>";
		};
		2C6F509A19461E0E0089FE8D /* InfoPlist.strings */ = {
			isa = PBXVariantGroup;
			children = (
				2C6F509B19461E0E0089FE8D /* en */,
			);
			name = InfoPlist.strings;
			sourceTree = "<group>";
		};
/* End PBXVariantGroup section */

/* Begin XCBuildConfiguration section */
		2C6F509F19461E0E0089FE8D /* Debug */ = {
			isa = XCBuildConfiguration;
			buildSettings = {
				ALWAYS_SEARCH_USER_PATHS = NO;
				CLANG_CXX_LANGUAGE_STANDARD = "gnu++0x";
				CLANG_CXX_LIBRARY = "libc++";
				CLANG_ENABLE_MODULES = YES;
				CLANG_ENABLE_OBJC_ARC = YES;
				CLANG_WARN_BOOL_CONVERSION = YES;
				CLANG_WARN_CONSTANT_CONVERSION = YES;
				CLANG_WARN_DIRECT_OBJC_ISA_USAGE = YES_ERROR;
				CLANG_WARN_EMPTY_BODY = YES;
				CLANG_WARN_ENUM_CONVERSION = YES;
				CLANG_WARN_INT_CONVERSION = YES;
				CLANG_WARN_OBJC_ROOT_CLASS = YES_ERROR;
				CLANG_WARN__DUPLICATE_METHOD_MATCH = YES;
				"CODE_SIGN_IDENTITY[sdk=iphoneos*]" = "iPhone Developer";
				COPY_PHASE_STRIP = NO;
				GCC_C_LANGUAGE_STANDARD = gnu99;
				GCC_DYNAMIC_NO_PIC = NO;
				GCC_OPTIMIZATION_LEVEL = 0;
				GCC_PREPROCESSOR_DEFINITIONS = (
					"DEBUG=1",
					"$(inherited)",
				);
				GCC_SYMBOLS_PRIVATE_EXTERN = NO;
				GCC_WARN_64_TO_32_BIT_CONVERSION = YES;
				GCC_WARN_ABOUT_RETURN_TYPE = YES_ERROR;
				GCC_WARN_UNDECLARED_SELECTOR = YES;
				GCC_WARN_UNINITIALIZED_AUTOS = YES_AGGRESSIVE;
				GCC_WARN_UNUSED_FUNCTION = YES;
				GCC_WARN_UNUSED_VARIABLE = YES;
				IPHONEOS_DEPLOYMENT_TARGET = 7.1;
				ONLY_ACTIVE_ARCH = YES;
				SDKROOT = iphoneos;
			};
			name = Debug;
		};
		2C6F50A019461E0E0089FE8D /* Release */ = {
			isa = XCBuildConfiguration;
			buildSettings = {
				ALWAYS_SEARCH_USER_PATHS = NO;
				CLANG_CXX_LANGUAGE_STANDARD = "gnu++0x";
				CLANG_CXX_LIBRARY = "libc++";
				CLANG_ENABLE_MODULES = YES;
				CLANG_ENABLE_OBJC_ARC = YES;
				CLANG_WARN_BOOL_CONVERSION = YES;
				CLANG_WARN_CONSTANT_CONVERSION = YES;
				CLANG_WARN_DIRECT_OBJC_ISA_USAGE = YES_ERROR;
				CLANG_WARN_EMPTY_BODY = YES;
				CLANG_WARN_ENUM_CONVERSION = YES;
				CLANG_WARN_INT_CONVERSION = YES;
				CLANG_WARN_OBJC_ROOT_CLASS = YES_ERROR;
				CLANG_WARN__DUPLICATE_METHOD_MATCH = YES;
				"CODE_SIGN_IDENTITY[sdk=iphoneos*]" = "iPhone Developer";
				COPY_PHASE_STRIP = YES;
				ENABLE_NS_ASSERTIONS = NO;
				GCC_C_LANGUAGE_STANDARD = gnu99;
				GCC_WARN_64_TO_32_BIT_CONVERSION = YES;
				GCC_WARN_ABOUT_RETURN_TYPE = YES_ERROR;
				GCC_WARN_UNDECLARED_SELECTOR = YES;
				GCC_WARN_UNINITIALIZED_AUTOS = YES_AGGRESSIVE;
				GCC_WARN_UNUSED_FUNCTION = YES;
				GCC_WARN_UNUSED_VARIABLE = YES;
				IPHONEOS_DEPLOYMENT_TARGET = 7.1;
				SDKROOT = iphoneos;
				VALIDATE_PRODUCT = YES;
			};
			name = Release;
		};
		2C6F50A219461E0E0089FE8D /* Debug */ = {
			isa = XCBuildConfiguration;
			buildSettings = {
				ASSETCATALOG_COMPILER_APPICON_NAME = AppIcon;
				ASSETCATALOG_COMPILER_LAUNCHIMAGE_NAME = LaunchImage;
				GCC_PRECOMPILE_PREFIX_HEADER = YES;
				GCC_PREFIX_HEADER = "RottenTomato/RottenTomato-Prefix.pch";
				INFOPLIST_FILE = "RottenTomato/RottenTomato-Info.plist";
				PRODUCT_NAME = "$(TARGET_NAME)";
				WRAPPER_EXTENSION = app;
			};
			name = Debug;
		};
		2C6F50A319461E0E0089FE8D /* Release */ = {
			isa = XCBuildConfiguration;
			buildSettings = {
				ASSETCATALOG_COMPILER_APPICON_NAME = AppIcon;
				ASSETCATALOG_COMPILER_LAUNCHIMAGE_NAME = LaunchImage;
				GCC_PRECOMPILE_PREFIX_HEADER = YES;
				GCC_PREFIX_HEADER = "RottenTomato/RottenTomato-Prefix.pch";
				INFOPLIST_FILE = "RottenTomato/RottenTomato-Info.plist";
				PRODUCT_NAME = "$(TARGET_NAME)";
				WRAPPER_EXTENSION = app;
			};
			name = Release;
		};
		2C6F50A519461E0E0089FE8D /* Debug */ = {
			isa = XCBuildConfiguration;
			buildSettings = {
				BUNDLE_LOADER = "$(BUILT_PRODUCTS_DIR)/RottenTomato.app/RottenTomato";
				FRAMEWORK_SEARCH_PATHS = (
					"$(SDKROOT)/Developer/Library/Frameworks",
					"$(inherited)",
					"$(DEVELOPER_FRAMEWORKS_DIR)",
				);
				GCC_PRECOMPILE_PREFIX_HEADER = YES;
				GCC_PREFIX_HEADER = "RottenTomato/RottenTomato-Prefix.pch";
				GCC_PREPROCESSOR_DEFINITIONS = (
					"DEBUG=1",
					"$(inherited)",
				);
				INFOPLIST_FILE = "RottenTomatoTests/RottenTomatoTests-Info.plist";
				PRODUCT_NAME = "$(TARGET_NAME)";
				TEST_HOST = "$(BUNDLE_LOADER)";
				WRAPPER_EXTENSION = xctest;
			};
			name = Debug;
		};
		2C6F50A619461E0E0089FE8D /* Release */ = {
			isa = XCBuildConfiguration;
			buildSettings = {
				BUNDLE_LOADER = "$(BUILT_PRODUCTS_DIR)/RottenTomato.app/RottenTomato";
				FRAMEWORK_SEARCH_PATHS = (
					"$(SDKROOT)/Developer/Library/Frameworks",
					"$(inherited)",
					"$(DEVELOPER_FRAMEWORKS_DIR)",
				);
				GCC_PRECOMPILE_PREFIX_HEADER = YES;
				GCC_PREFIX_HEADER = "RottenTomato/RottenTomato-Prefix.pch";
				INFOPLIST_FILE = "RottenTomatoTests/RottenTomatoTests-Info.plist";
				PRODUCT_NAME = "$(TARGET_NAME)";
				TEST_HOST = "$(BUNDLE_LOADER)";
				WRAPPER_EXTENSION = xctest;
			};
			name = Release;
		};
/* End XCBuildConfiguration section */

/* Begin XCConfigurationList section */
		2C6F507019461E0E0089FE8D /* Build configuration list for PBXProject "RottenTomato" */ = {
			isa = XCConfigurationList;
			buildConfigurations = (
				2C6F509F19461E0E0089FE8D /* Debug */,
				2C6F50A019461E0E0089FE8D /* Release */,
			);
			defaultConfigurationIsVisible = 0;
			defaultConfigurationName = Release;
		};
		2C6F50A119461E0E0089FE8D /* Build configuration list for PBXNativeTarget "RottenTomato" */ = {
			isa = XCConfigurationList;
			buildConfigurations = (
				2C6F50A219461E0E0089FE8D /* Debug */,
				2C6F50A319461E0E0089FE8D /* Release */,
			);
			defaultConfigurationIsVisible = 0;
		};
		2C6F50A419461E0E0089FE8D /* Build configuration list for PBXNativeTarget "RottenTomatoTests" */ = {
			isa = XCConfigurationList;
			buildConfigurations = (
				2C6F50A519461E0E0089FE8D /* Debug */,
				2C6F50A619461E0E0089FE8D /* Release */,
			);
			defaultConfigurationIsVisible = 0;
		};
/* End XCConfigurationList section */
	};
	rootObject = 2C6F506D19461E0E0089FE8D /* Project object */;
}
